
Microsoft Visual Studio Solution File, Format Version 12.00
# Visual Studio Version 16
VisualStudioVersion = 16.0.31105.61
MinimumVisualStudioVersion = 10.0.40219.1
Project("{FAE04EC0-301F-11D3-BF4B-00C04F79EFBC}") = "LuckyCurrencyTestConsole", "LuckyCurrencyTestConsole\LuckyCurrencyTestConsole.csproj", "{6A234E0E-5B87-4090-91E5-5588B50C8EB4}"
EndProject
Project("{FAE04EC0-301F-11D3-BF4B-00C04F79EFBC}") = "LuckyCurrencyTest", "LuckyCurrencyTest\LuckyCurrencyTest.csproj", "{3638EC1F-D7DC-4F88-9B33-D5B2F7A18167}"
EndProject
Project("{FAE04EC0-301F-11D3-BF4B-00C04F79EFBC}") = "LuckyCurrency", "LuckyCurrency\LuckyCurrency.csproj", "{ED41AC47-FB6B-47E5-8E32-B2C0C2298DFF}"
	ProjectSection(ProjectDependencies) = postProject
		{2FC808BF-158C-4579-AA6C-70D3FBF78CF0} = {2FC808BF-158C-4579-AA6C-70D3FBF78CF0}
	EndProjectSection
EndProject
Project("{FAE04EC0-301F-11D3-BF4B-00C04F79EFBC}") = "Bybit", "Bybit\Bybit.csproj", "{2FC808BF-158C-4579-AA6C-70D3FBF78CF0}"
EndProject
Global
	GlobalSection(SolutionConfigurationPlatforms) = preSolution
		Debug|Any CPU = Debug|Any CPU
		Release|Any CPU = Release|Any CPU
	EndGlobalSection
	GlobalSection(ProjectConfigurationPlatforms) = postSolution
		{6A234E0E-5B87-4090-91E5-5588B50C8EB4}.Debug|Any CPU.ActiveCfg = Debug|Any CPU
		{6A234E0E-5B87-4090-91E5-5588B50C8EB4}.Debug|Any CPU.Build.0 = Debug|Any CPU
		{6A234E0E-5B87-4090-91E5-5588B50C8EB4}.Release|Any CPU.ActiveCfg = Release|Any CPU
		{6A234E0E-5B87-4090-91E5-5588B50C8EB4}.Release|Any CPU.Build.0 = Release|Any CPU
		{3638EC1F-D7DC-4F88-9B33-D5B2F7A18167}.Debug|Any CPU.ActiveCfg = Debug|Any CPU
		{3638EC1F-D7DC-4F88-9B33-D5B2F7A18167}.Debug|Any CPU.Build.0 = Debug|Any CPU
		{3638EC1F-D7DC-4F88-9B33-D5B2F7A18167}.Release|Any CPU.ActiveCfg = Release|Any CPU
		{3638EC1F-D7DC-4F88-9B33-D5B2F7A18167}.Release|Any CPU.Build.0 = Release|Any CPU
		{ED41AC47-FB6B-47E5-8E32-B2C0C2298DFF}.Debug|Any CPU.ActiveCfg = Debug|Any CPU
		{ED41AC47-FB6B-47E5-8E32-B2C0C2298DFF}.Debug|Any CPU.Build.0 = Debug|Any CPU
		{ED41AC47-FB6B-47E5-8E32-B2C0C2298DFF}.Release|Any CPU.ActiveCfg = Release|Any CPU
		{ED41AC47-FB6B-47E5-8E32-B2C0C2298DFF}.Release|Any CPU.Build.0 = Release|Any CPU
		{2FC808BF-158C-4579-AA6C-70D3FBF78CF0}.Debug|Any CPU.ActiveCfg = Debug|Any CPU
		{2FC808BF-158C-4579-AA6C-70D3FBF78CF0}.Debug|Any CPU.Build.0 = Debug|Any CPU
		{2FC808BF-158C-4579-AA6C-70D3FBF78CF0}.Release|Any CPU.ActiveCfg = Release|Any CPU
		{2FC808BF-158C-4579-AA6C-70D3FBF78CF0}.Release|Any CPU.Build.0 = Release|Any CPU
	EndGlobalSection
	GlobalSection(SolutionProperties) = preSolution
		HideSolutionNode = FALSE
	EndGlobalSection
	GlobalSection(ExtensibilityGlobals) = postSolution
		SolutionGuid = {9DBE0EDE-D794-4830-AE4A-67CD82D93787}
	EndGlobalSection
EndGlobal
